{
  "version": "2",
  "remote": {
    "https://deno.land/std@0.192.0/fmt/colors.ts": "d67e3cd9f472535241a8e410d33423980bec45047e343577554d3356e1f0ef4e",
    "https://deno.land/std@0.192.0/testing/_diff.ts": "1a3c044aedf77647d6cac86b798c6417603361b66b54c53331b312caeb447aea",
    "https://deno.land/std@0.192.0/testing/_format.ts": "a69126e8a469009adf4cf2a50af889aca364c349797e63174884a52ff75cf4c7",
    "https://deno.land/std@0.192.0/testing/asserts.ts": "e16d98b4d73ffc4ed498d717307a12500ae4f2cbe668f1a215632d19fcffc22f"
  },
  "npm": {
    "specifiers": {
      "fibonacci": "fibonacci@1.6.11"
    },
    "packages": {
      "bn.js@5.2.1": {
        "integrity": "sha512-eXRvHzWyYPBuB4NBy0cmYQjGitUrtqwbvlzP3G6VFnNRbsZQIxQ10PbKKHt8gZ/HW/D/747aDl+QkDqg3KQLMQ==",
        "dependencies": {}
      },
      "fibonacci@1.6.11": {
        "integrity": "sha512-Jzd0e1JFxXPEJzm6Wlt3NdQYjy/FGkNFJ9hdOxW6WoznY5QDHc6JI7uXehiOtP0OYxSylrilSPIHWQmfgRbf7w==",
        "dependencies": {
          "bn.js": "bn.js@5.2.1"
        }
      }
    }
  }
}
